
Microsoft Visual Studio Solution File, Format Version 12.00
# Visual Studio Version 17
VisualStudioVersion = 17.2.32630.192
MinimumVisualStudioVersion = 10.0.40219.1
Project("{9A19103F-16F7-4668-BE54-9A1E7A4F7556}") = "Proj5", "Proj5.csproj", "{4FE5CDF8-4B9E-4C58-A8BD-E22E76CDC89A}"
EndProject
Global
	GlobalSection(SolutionConfigurationPlatforms) = preSolution
		Debug|Any CPU = Debug|Any CPU
		Release|Any CPU = Release|Any CPU
	EndGlobalSection
	GlobalSection(ProjectConfigurationPlatforms) = postSolution
		{4FE5CDF8-4B9E-4C58-A8BD-E22E76CDC89A}.Debug|Any CPU.ActiveCfg = Debug|Any CPU
		{4FE5CDF8-4B9E-4C58-A8BD-E22E76CDC89A}.Debug|Any CPU.Build.0 = Debug|Any CPU
		{4FE5CDF8-4B9E-4C58-A8BD-E22E76CDC89A}.Release|Any CPU.ActiveCfg = Release|Any CPU
		{4FE5CDF8-4B9E-4C58-A8BD-E22E76CDC89A}.Release|Any CPU.Build.0 = Release|Any CPU
	EndGlobalSection
	GlobalSection(SolutionProperties) = preSolution
		HideSolutionNode = FALSE
	EndGlobalSection
	GlobalSection(ExtensibilityGlobals) = postSolution
		SolutionGuid = {0288B3A8-4C20-4136-ADD8-FE838EC5CE74}
	EndGlobalSection
EndGlobal
